
Microsoft Visual Studio Solution File, Format Version 12.00
# Visual Studio Version 16
VisualStudioVersion = 16.0.30104.148
MinimumVisualStudioVersion = 10.0.40219.1
Project("{FAE04EC0-301F-11D3-BF4B-00C04F79EFBC}") = "Micraft_Task", "Micraft_Task\Micraft_Task.csproj", "{3FF3AF4A-E31C-4BBD-9D5B-D3D3699686E7}"
EndProject
Global
	GlobalSection(SolutionConfigurationPlatforms) = preSolution
		Debug|Any CPU = Debug|Any CPU
		Release|Any CPU = Release|Any CPU
	EndGlobalSection
	GlobalSection(ProjectConfigurationPlatforms) = postSolution
		{3FF3AF4A-E31C-4BBD-9D5B-D3D3699686E7}.Debug|Any CPU.ActiveCfg = Debug|Any CPU
		{3FF3AF4A-E31C-4BBD-9D5B-D3D3699686E7}.Debug|Any CPU.Build.0 = Debug|Any CPU
		{3FF3AF4A-E31C-4BBD-9D5B-D3D3699686E7}.Release|Any CPU.ActiveCfg = Release|Any CPU
		{3FF3AF4A-E31C-4BBD-9D5B-D3D3699686E7}.Release|Any CPU.Build.0 = Release|Any CPU
	EndGlobalSection
	GlobalSection(SolutionProperties) = preSolution
		HideSolutionNode = FALSE
	EndGlobalSection
	GlobalSection(ExtensibilityGlobals) = postSolution
		SolutionGuid = {4A64DA7C-A36E-4028-8075-9D56B9F75E6D}
	EndGlobalSection
EndGlobal
